
Microsoft Visual Studio Solution File, Format Version 12.00
# Visual Studio Version 16
VisualStudioVersion = 16.0.30907.101
MinimumVisualStudioVersion = 10.0.40219.1
Project("{FAE04EC0-301F-11D3-BF4B-00C04F79EFBC}") = "FlashCardManager", "FlashCardManager\FlashCardManager.csproj", "{5DC21485-847B-4D54-B6E2-8ED5C3E47A89}"
EndProject
Global
	GlobalSection(SolutionConfigurationPlatforms) = preSolution
		Debug|Any CPU = Debug|Any CPU
		Release|Any CPU = Release|Any CPU
	EndGlobalSection
	GlobalSection(ProjectConfigurationPlatforms) = postSolution
		{5DC21485-847B-4D54-B6E2-8ED5C3E47A89}.Debug|Any CPU.ActiveCfg = Debug|Any CPU
		{5DC21485-847B-4D54-B6E2-8ED5C3E47A89}.Debug|Any CPU.Build.0 = Debug|Any CPU
		{5DC21485-847B-4D54-B6E2-8ED5C3E47A89}.Release|Any CPU.ActiveCfg = Release|Any CPU
		{5DC21485-847B-4D54-B6E2-8ED5C3E47A89}.Release|Any CPU.Build.0 = Release|Any CPU
	EndGlobalSection
	GlobalSection(SolutionProperties) = preSolution
		HideSolutionNode = FALSE
	EndGlobalSection
	GlobalSection(ExtensibilityGlobals) = postSolution
		SolutionGuid = {E9CD8256-99C0-4B3D-AEE7-8407854A0029}
	EndGlobalSection
EndGlobal
